
Microsoft Visual Studio Solution File, Format Version 12.00
# Visual Studio Version 17
VisualStudioVersion = 17.11.35222.181
MinimumVisualStudioVersion = 10.0.40219.1
Project("{8BC9CEB8-8B4A-11D0-8D11-00A0C91BC942}") = "Lab_7.2.rec", "Lab_7.2.rec\Lab_7.2.rec.vcxproj", "{F739D4C6-3110-4DAB-BB74-274450D06FD0}"
EndProject
Project("{8BC9CEB8-8B4A-11D0-8D11-00A0C91BC942}") = "UnitTest_7.2.rec", "UnitTest_7.2.rec\UnitTest_7.2.rec.vcxproj", "{5352BF12-695F-4DF1-9EAE-BF8FBB16081D}"
EndProject
Global
	GlobalSection(SolutionConfigurationPlatforms) = preSolution
		Debug|x64 = Debug|x64
		Debug|x86 = Debug|x86
		Release|x64 = Release|x64
		Release|x86 = Release|x86
	EndGlobalSection
	GlobalSection(ProjectConfigurationPlatforms) = postSolution
		{F739D4C6-3110-4DAB-BB74-274450D06FD0}.Debug|x64.ActiveCfg = Debug|x64
		{F739D4C6-3110-4DAB-BB74-274450D06FD0}.Debug|x64.Build.0 = Debug|x64
		{F739D4C6-3110-4DAB-BB74-274450D06FD0}.Debug|x86.ActiveCfg = Debug|Win32
		{F739D4C6-3110-4DAB-BB74-274450D06FD0}.Debug|x86.Build.0 = Debug|Win32
		{F739D4C6-3110-4DAB-BB74-274450D06FD0}.Release|x64.ActiveCfg = Release|x64
		{F739D4C6-3110-4DAB-BB74-274450D06FD0}.Release|x64.Build.0 = Release|x64
		{F739D4C6-3110-4DAB-BB74-274450D06FD0}.Release|x86.ActiveCfg = Release|Win32
		{F739D4C6-3110-4DAB-BB74-274450D06FD0}.Release|x86.Build.0 = Release|Win32
		{5352BF12-695F-4DF1-9EAE-BF8FBB16081D}.Debug|x64.ActiveCfg = Debug|x64
		{5352BF12-695F-4DF1-9EAE-BF8FBB16081D}.Debug|x64.Build.0 = Debug|x64
		{5352BF12-695F-4DF1-9EAE-BF8FBB16081D}.Debug|x86.ActiveCfg = Debug|Win32
		{5352BF12-695F-4DF1-9EAE-BF8FBB16081D}.Debug|x86.Build.0 = Debug|Win32
		{5352BF12-695F-4DF1-9EAE-BF8FBB16081D}.Release|x64.ActiveCfg = Release|x64
		{5352BF12-695F-4DF1-9EAE-BF8FBB16081D}.Release|x64.Build.0 = Release|x64
		{5352BF12-695F-4DF1-9EAE-BF8FBB16081D}.Release|x86.ActiveCfg = Release|Win32
		{5352BF12-695F-4DF1-9EAE-BF8FBB16081D}.Release|x86.Build.0 = Release|Win32
	EndGlobalSection
	GlobalSection(SolutionProperties) = preSolution
		HideSolutionNode = FALSE
	EndGlobalSection
	GlobalSection(ExtensibilityGlobals) = postSolution
		SolutionGuid = {ECCC690B-09A9-4131-B8A0-619F98BCBD28}
	EndGlobalSection
EndGlobal
